{
    "name": "frover-labs-beta",
    "version": "1.0.7",
    "lockfileVersion": 3,
    "requires": true,
    "packages": {
        "": {
            "name": "frover-labs-beta",
            "version": "1.0.7",
            "license": "ISC",
            "dependencies": {
                "frover-labs-beta": "^1.0.6"
            },
            "bin": {
                "get-code": "index.js"
            }
        },
        "node_modules/frover-labs-beta": {
            "version": "1.0.6",
            "resolved": "https://registry.npmjs.org/frover-labs-beta/-/frover-labs-beta-1.0.6.tgz",
            "integrity": "sha512-KOKv5xSmKaXNamP0qZjA/mE0RPUn6Vm8FXm8SHlyLQVP41tAk1/VtnZqhaRPDsco2MH71uA7iJa+fb3YrcY1uA==",
            "bin": {
                "get-code": "index.js"
            }
        }
    }
}
